
Microsoft Visual Studio Solution File, Format Version 12.00
# Visual Studio 15
VisualStudioVersion = 15.0.28307.489
MinimumVisualStudioVersion = 10.0.40219.1
Project("{FAE04EC0-301F-11D3-BF4B-00C04F79EFBC}") = "SignalREx1", "SignalREx1\SignalREx1.csproj", "{8B69DCD0-A9CA-415D-B54B-F44C9A5E573E}"
EndProject
Project("{FAE04EC0-301F-11D3-BF4B-00C04F79EFBC}") = "ClientWinForm", "ClientWinForm\ClientWinForm.csproj", "{7E4A0CC7-7AE2-497F-A99B-507A4802DB82}"
EndProject
Global
	GlobalSection(SolutionConfigurationPlatforms) = preSolution
		Debug|Any CPU = Debug|Any CPU
		Release|Any CPU = Release|Any CPU
	EndGlobalSection
	GlobalSection(ProjectConfigurationPlatforms) = postSolution
		{8B69DCD0-A9CA-415D-B54B-F44C9A5E573E}.Debug|Any CPU.ActiveCfg = Debug|Any CPU
		{8B69DCD0-A9CA-415D-B54B-F44C9A5E573E}.Debug|Any CPU.Build.0 = Debug|Any CPU
		{8B69DCD0-A9CA-415D-B54B-F44C9A5E573E}.Release|Any CPU.ActiveCfg = Release|Any CPU
		{8B69DCD0-A9CA-415D-B54B-F44C9A5E573E}.Release|Any CPU.Build.0 = Release|Any CPU
		{7E4A0CC7-7AE2-497F-A99B-507A4802DB82}.Debug|Any CPU.ActiveCfg = Debug|Any CPU
		{7E4A0CC7-7AE2-497F-A99B-507A4802DB82}.Debug|Any CPU.Build.0 = Debug|Any CPU
		{7E4A0CC7-7AE2-497F-A99B-507A4802DB82}.Release|Any CPU.ActiveCfg = Release|Any CPU
		{7E4A0CC7-7AE2-497F-A99B-507A4802DB82}.Release|Any CPU.Build.0 = Release|Any CPU
	EndGlobalSection
	GlobalSection(SolutionProperties) = preSolution
		HideSolutionNode = FALSE
	EndGlobalSection
	GlobalSection(ExtensibilityGlobals) = postSolution
		SolutionGuid = {75A6C030-BBC8-4AEE-86C6-52B6DF8063B5}
	EndGlobalSection
EndGlobal
